
Microsoft Visual Studio Solution File, Format Version 12.00
# Visual Studio 15
VisualStudioVersion = 15.0.28307.489
MinimumVisualStudioVersion = 10.0.40219.1
Project("{FAE04EC0-301F-11D3-BF4B-00C04F79EFBC}") = "FFramework", "FFramework\FFramework.csproj", "{20B611CD-A63E-4C2F-B56C-437D9A9F134F}"
EndProject
Global
	GlobalSection(SolutionConfigurationPlatforms) = preSolution
		Debug|Any CPU = Debug|Any CPU
		Release|Any CPU = Release|Any CPU
	EndGlobalSection
	GlobalSection(ProjectConfigurationPlatforms) = postSolution
		{20B611CD-A63E-4C2F-B56C-437D9A9F134F}.Debug|Any CPU.ActiveCfg = Debug|Any CPU
		{20B611CD-A63E-4C2F-B56C-437D9A9F134F}.Debug|Any CPU.Build.0 = Debug|Any CPU
		{20B611CD-A63E-4C2F-B56C-437D9A9F134F}.Release|Any CPU.ActiveCfg = Release|Any CPU
		{20B611CD-A63E-4C2F-B56C-437D9A9F134F}.Release|Any CPU.Build.0 = Release|Any CPU
	EndGlobalSection
	GlobalSection(SolutionProperties) = preSolution
		HideSolutionNode = FALSE
	EndGlobalSection
	GlobalSection(ExtensibilityGlobals) = postSolution
		SolutionGuid = {888DE766-FB81-498C-9B63-04ECA7CA5956}
	EndGlobalSection
EndGlobal
